
Microsoft Visual Studio Solution File, Format Version 12.00
# Visual Studio Version 17
VisualStudioVersion = 17.0.31903.59
MinimumVisualStudioVersion = 10.0.40219.1
Project("{FAE04EC0-301F-11D3-BF4B-00C04F79EFBC}") = "ConsoleAppTest", "ConsoleAppTest\ConsoleAppTest.csproj", "{6EBE4865-439B-4419-9B5E-3E8667462622}"
EndProject
Global
	GlobalSection(SolutionConfigurationPlatforms) = preSolution
		Debug|Any CPU = Debug|Any CPU
		Release|Any CPU = Release|Any CPU
	EndGlobalSection
	GlobalSection(ProjectConfigurationPlatforms) = postSolution
		{6EBE4865-439B-4419-9B5E-3E8667462622}.Debug|Any CPU.ActiveCfg = Debug|Any CPU
		{6EBE4865-439B-4419-9B5E-3E8667462622}.Debug|Any CPU.Build.0 = Debug|Any CPU
		{6EBE4865-439B-4419-9B5E-3E8667462622}.Release|Any CPU.ActiveCfg = Release|Any CPU
		{6EBE4865-439B-4419-9B5E-3E8667462622}.Release|Any CPU.Build.0 = Release|Any CPU
	EndGlobalSection
	GlobalSection(SolutionProperties) = preSolution
		HideSolutionNode = FALSE
	EndGlobalSection
	GlobalSection(ExtensibilityGlobals) = postSolution
		SolutionGuid = {BFBE6D52-1ECF-4C77-AFAE-87B1E9E91B8E}
	EndGlobalSection
EndGlobal
