
Microsoft Visual Studio Solution File, Format Version 12.00
# Visual Studio Version 17
VisualStudioVersion = 17.3.32901.215
MinimumVisualStudioVersion = 10.0.40219.1
Project("{9A19103F-16F7-4668-BE54-9A1E7A4F7556}") = "OpenEcommerce-Backend", "OpenEcommerce-Backend\OpenEcommerce-Backend.csproj", "{BE6B1E99-830F-4FF1-BC7A-0EDAAABCBDC8}"
EndProject
Project("{9A19103F-16F7-4668-BE54-9A1E7A4F7556}") = "Domain", "Domain\Domain.csproj", "{1890BA19-D3C5-4F5C-A484-F06BA82159D6}"
EndProject
Project("{2150E333-8FDC-42A3-9474-1A3956D46DE8}") = "Backend", "Backend", "{DB015F11-9F08-4B8D-91D5-5E889E5E5529}"
EndProject
Project("{9A19103F-16F7-4668-BE54-9A1E7A4F7556}") = "Application", "Application\Application.csproj", "{770985F8-0359-4E2F-9A9B-69C1C3A5EBD3}"
EndProject
Project("{9A19103F-16F7-4668-BE54-9A1E7A4F7556}") = "Infrastructure", "Infrastructure\Infrastructure.csproj", "{1F99A8BC-CA85-46F2-AD3C-A0E3DA48ECA7}"
EndProject
Global
	GlobalSection(SolutionConfigurationPlatforms) = preSolution
		Debug|Any CPU = Debug|Any CPU
		Release|Any CPU = Release|Any CPU
	EndGlobalSection
	GlobalSection(ProjectConfigurationPlatforms) = postSolution
		{BE6B1E99-830F-4FF1-BC7A-0EDAAABCBDC8}.Debug|Any CPU.ActiveCfg = Debug|Any CPU
		{BE6B1E99-830F-4FF1-BC7A-0EDAAABCBDC8}.Debug|Any CPU.Build.0 = Debug|Any CPU
		{BE6B1E99-830F-4FF1-BC7A-0EDAAABCBDC8}.Release|Any CPU.ActiveCfg = Release|Any CPU
		{BE6B1E99-830F-4FF1-BC7A-0EDAAABCBDC8}.Release|Any CPU.Build.0 = Release|Any CPU
		{1890BA19-D3C5-4F5C-A484-F06BA82159D6}.Debug|Any CPU.ActiveCfg = Debug|Any CPU
		{1890BA19-D3C5-4F5C-A484-F06BA82159D6}.Debug|Any CPU.Build.0 = Debug|Any CPU
		{1890BA19-D3C5-4F5C-A484-F06BA82159D6}.Release|Any CPU.ActiveCfg = Release|Any CPU
		{1890BA19-D3C5-4F5C-A484-F06BA82159D6}.Release|Any CPU.Build.0 = Release|Any CPU
		{770985F8-0359-4E2F-9A9B-69C1C3A5EBD3}.Debug|Any CPU.ActiveCfg = Debug|Any CPU
		{770985F8-0359-4E2F-9A9B-69C1C3A5EBD3}.Debug|Any CPU.Build.0 = Debug|Any CPU
		{770985F8-0359-4E2F-9A9B-69C1C3A5EBD3}.Release|Any CPU.ActiveCfg = Release|Any CPU
		{770985F8-0359-4E2F-9A9B-69C1C3A5EBD3}.Release|Any CPU.Build.0 = Release|Any CPU
		{1F99A8BC-CA85-46F2-AD3C-A0E3DA48ECA7}.Debug|Any CPU.ActiveCfg = Debug|Any CPU
		{1F99A8BC-CA85-46F2-AD3C-A0E3DA48ECA7}.Debug|Any CPU.Build.0 = Debug|Any CPU
		{1F99A8BC-CA85-46F2-AD3C-A0E3DA48ECA7}.Release|Any CPU.ActiveCfg = Release|Any CPU
		{1F99A8BC-CA85-46F2-AD3C-A0E3DA48ECA7}.Release|Any CPU.Build.0 = Release|Any CPU
	EndGlobalSection
	GlobalSection(SolutionProperties) = preSolution
		HideSolutionNode = FALSE
	EndGlobalSection
	GlobalSection(NestedProjects) = preSolution
		{BE6B1E99-830F-4FF1-BC7A-0EDAAABCBDC8} = {DB015F11-9F08-4B8D-91D5-5E889E5E5529}
		{1890BA19-D3C5-4F5C-A484-F06BA82159D6} = {DB015F11-9F08-4B8D-91D5-5E889E5E5529}
		{770985F8-0359-4E2F-9A9B-69C1C3A5EBD3} = {DB015F11-9F08-4B8D-91D5-5E889E5E5529}
		{1F99A8BC-CA85-46F2-AD3C-A0E3DA48ECA7} = {DB015F11-9F08-4B8D-91D5-5E889E5E5529}
	EndGlobalSection
	GlobalSection(ExtensibilityGlobals) = postSolution
		SolutionGuid = {B55F60FA-8458-47B8-BAFE-0CD845A41BF8}
	EndGlobalSection
EndGlobal
